
Microsoft Visual Studio Solution File, Format Version 12.00
# Visual Studio Version 17
VisualStudioVersion = 17.14.36408.4
MinimumVisualStudioVersion = 10.0.40219.1
Project("{FAE04EC0-301F-11D3-BF4B-00C04F79EFBC}") = "Spoleto.TrueApi", "src\Spoleto.TrueApi\Spoleto.TrueApi.csproj", "{C3EFF3BF-93A8-485F-8412-89F62651DADF}"
EndProject
Project("{2150E333-8FDC-42A3-9474-1A3956D46DE8}") = "Solution Items", "Solution Items", "{02EA681E-C7D8-13C7-8484-4AC65E1B71E8}"
	ProjectSection(SolutionItems) = preProject
		.editorconfig = .editorconfig
		src\Directory.Build.props = src\Directory.Build.props
		LICENSE = LICENSE
		publish-assets-to-github.sh = publish-assets-to-github.sh
		README.md = README.md
	EndProjectSection
EndProject
Project("{2150E333-8FDC-42A3-9474-1A3956D46DE8}") = "GitHub Actions", "GitHub Actions", "{642D33BA-362E-4B7D-B591-774919954BFB}"
	ProjectSection(SolutionItems) = preProject
		.github\workflows\cd.yml = .github\workflows\cd.yml
		.github\workflows\ci.yml = .github\workflows\ci.yml
	EndProjectSection
EndProject
Project("{FAE04EC0-301F-11D3-BF4B-00C04F79EFBC}") = "Spoleto.TrueApi.Tests", "src\Spoleto.TrueApi.Tests\Spoleto.TrueApi.Tests.csproj", "{00C0D5E1-1383-4EA5-938F-264D810A54DA}"
EndProject
Project("{FAE04EC0-301F-11D3-BF4B-00C04F79EFBC}") = "Spoleto.TrueApi.Auth", "src\Spoleto.TrueApi.Auth\Spoleto.TrueApi.Auth.csproj", "{238F2C84-38DB-4239-BB12-C0D49BD2DCAA}"
EndProject
Global
	GlobalSection(SolutionConfigurationPlatforms) = preSolution
		Debug|Any CPU = Debug|Any CPU
		Release|Any CPU = Release|Any CPU
	EndGlobalSection
	GlobalSection(ProjectConfigurationPlatforms) = postSolution
		{C3EFF3BF-93A8-485F-8412-89F62651DADF}.Debug|Any CPU.ActiveCfg = Debug|Any CPU
		{C3EFF3BF-93A8-485F-8412-89F62651DADF}.Debug|Any CPU.Build.0 = Debug|Any CPU
		{C3EFF3BF-93A8-485F-8412-89F62651DADF}.Release|Any CPU.ActiveCfg = Release|Any CPU
		{C3EFF3BF-93A8-485F-8412-89F62651DADF}.Release|Any CPU.Build.0 = Release|Any CPU
		{00C0D5E1-1383-4EA5-938F-264D810A54DA}.Debug|Any CPU.ActiveCfg = Debug|Any CPU
		{00C0D5E1-1383-4EA5-938F-264D810A54DA}.Debug|Any CPU.Build.0 = Debug|Any CPU
		{00C0D5E1-1383-4EA5-938F-264D810A54DA}.Release|Any CPU.ActiveCfg = Release|Any CPU
		{00C0D5E1-1383-4EA5-938F-264D810A54DA}.Release|Any CPU.Build.0 = Release|Any CPU
		{238F2C84-38DB-4239-BB12-C0D49BD2DCAA}.Debug|Any CPU.ActiveCfg = Debug|Any CPU
		{238F2C84-38DB-4239-BB12-C0D49BD2DCAA}.Debug|Any CPU.Build.0 = Debug|Any CPU
		{238F2C84-38DB-4239-BB12-C0D49BD2DCAA}.Release|Any CPU.ActiveCfg = Release|Any CPU
		{238F2C84-38DB-4239-BB12-C0D49BD2DCAA}.Release|Any CPU.Build.0 = Release|Any CPU
	EndGlobalSection
	GlobalSection(SolutionProperties) = preSolution
		HideSolutionNode = FALSE
	EndGlobalSection
	GlobalSection(ExtensibilityGlobals) = postSolution
		SolutionGuid = {BC7825FF-3149-480D-ABA7-DB80676DA289}
	EndGlobalSection
EndGlobal
